// !$*UTF8*$!
{
	archiveVersion = 1;
	classes = {
	};
	objectVersion = 46;
	objects = {

/* Begin PBXBuildFile section */
		39AE1AF0873E93FB95D552E4 /* libPods-HNKWordLookup-Demo.a in Frameworks */ = {isa = PBXBuildFile; fileRef = 1BF9B8792BA6D2432D09C87B /* libPods-HNKWordLookup-Demo.a */; };
		DCBB53131AD2240E00C4592C /* logo-wordnik.png in Resources */ = {isa = PBXBuildFile; fileRef = DCBB53121AD2240E00C4592C /* logo-wordnik.png */; };
		DCBB53171AD22FFC00C4592C /* icon-arrow-right.png in Resources */ = {isa = PBXBuildFile; fileRef = DCBB53161AD22FFC00C4592C /* icon-arrow-right.png */; };
		DCBB531A1AD24AD900C4592C /* HNKDDefinitionsViewController.m in Sources */ = {isa = PBXBuildFile; fileRef = DCBB53191AD24AD900C4592C /* HNKDDefinitionsViewController.m */; };
		DCBB531D1AD4E19500C4592C /* NSDate+HNKDAdditions.m in Sources */ = {isa = PBXBuildFile; fileRef = DCBB531C1AD4E19500C4592C /* NSDate+HNKDAdditions.m */; };
		DCD8F9051ABFC53700E2E7E8 /* main.m in Sources */ = {isa = PBXBuildFile; fileRef = DCD8F9041ABFC53700E2E7E8 /* main.m */; };
		DCD8F9081ABFC53700E2E7E8 /* HNKDAppDelegate.m in Sources */ = {isa = PBXBuildFile; fileRef = DCD8F9071ABFC53700E2E7E8 /* HNKDAppDelegate.m */; };
		DCD8F90E1ABFC53700E2E7E8 /* Main.storyboard in Resources */ = {isa = PBXBuildFile; fileRef = DCD8F90C1ABFC53700E2E7E8 /* Main.storyboard */; };
		DCD8F9101ABFC53700E2E7E8 /* Images.xcassets in Resources */ = {isa = PBXBuildFile; fileRef = DCD8F90F1ABFC53700E2E7E8 /* Images.xcassets */; };
		DCD8F9131ABFC53700E2E7E8 /* LaunchScreen.xib in Resources */ = {isa = PBXBuildFile; fileRef = DCD8F9111ABFC53700E2E7E8 /* LaunchScreen.xib */; };
		DCD8F91F1ABFC53700E2E7E8 /* HNKWordLookup_DemoTests.m in Sources */ = {isa = PBXBuildFile; fileRef = DCD8F91E1ABFC53700E2E7E8 /* HNKWordLookup_DemoTests.m */; };
		DCF3B4861AD2188600DF4A77 /* HNKDHomeViewController.m in Sources */ = {isa = PBXBuildFile; fileRef = DCF3B4851AD2188600DF4A77 /* HNKDHomeViewController.m */; };
/* End PBXBuildFile section */

/* Begin PBXContainerItemProxy section */
		DCD8F9191ABFC53700E2E7E8 /* PBXContainerItemProxy */ = {
			isa = PBXContainerItemProxy;
			containerPortal = DCD8F8F71ABFC53700E2E7E8 /* Project object */;
			proxyType = 1;
			remoteGlobalIDString = DCD8F8FE1ABFC53700E2E7E8;
			remoteInfo = "HNKWordLookup-Demo";
		};
/* End PBXContainerItemProxy section */

/* Begin PBXFileReference section */
		1BF9B8792BA6D2432D09C87B /* libPods-HNKWordLookup-Demo.a */ = {isa = PBXFileReference; explicitFileType = archive.ar; includeInIndex = 0; path = "libPods-HNKWordLookup-Demo.a"; sourceTree = BUILT_PRODUCTS_DIR; };
		318085C02712CF30461441C3 /* Pods-HNKWordLookup-Demo.release.xcconfig */ = {isa = PBXFileReference; includeInIndex = 1; lastKnownFileType = text.xcconfig; name = "Pods-HNKWordLookup-Demo.release.xcconfig"; path = "Pods/Target Support Files/Pods-HNKWordLookup-Demo/Pods-HNKWordLookup-Demo.release.xcconfig"; sourceTree = "<group>"; };
		DCBB53121AD2240E00C4592C /* logo-wordnik.png */ = {isa = PBXFileReference; lastKnownFileType = image.png; path = "logo-wordnik.png"; sourceTree = "<group>"; };
		DCBB53161AD22FFC00C4592C /* icon-arrow-right.png */ = {isa = PBXFileReference; lastKnownFileType = image.png; path = "icon-arrow-right.png"; sourceTree = "<group>"; };
		DCBB53181AD24AD900C4592C /* HNKDDefinitionsViewController.h */ = {isa = PBXFileReference; fileEncoding = 4; lastKnownFileType = sourcecode.c.h; path = HNKDDefinitionsViewController.h; sourceTree = "<group>"; };
		DCBB53191AD24AD900C4592C /* HNKDDefinitionsViewController.m */ = {isa = PBXFileReference; fileEncoding = 4; lastKnownFileType = sourcecode.c.objc; path = HNKDDefinitionsViewController.m; sourceTree = "<group>"; };
		DCBB531B1AD4E19500C4592C /* NSDate+HNKDAdditions.h */ = {isa = PBXFileReference; fileEncoding = 4; lastKnownFileType = sourcecode.c.h; path = "NSDate+HNKDAdditions.h"; sourceTree = "<group>"; };
		DCBB531C1AD4E19500C4592C /* NSDate+HNKDAdditions.m */ = {isa = PBXFileReference; fileEncoding = 4; lastKnownFileType = sourcecode.c.objc; path = "NSDate+HNKDAdditions.m"; sourceTree = "<group>"; };
		DCD8F8FF1ABFC53700E2E7E8 /* HNKWordLookup-Demo.app */ = {isa = PBXFileReference; explicitFileType = wrapper.application; includeInIndex = 0; path = "HNKWordLookup-Demo.app"; sourceTree = BUILT_PRODUCTS_DIR; };
		DCD8F9031ABFC53700E2E7E8 /* Info.plist */ = {isa = PBXFileReference; lastKnownFileType = text.plist.xml; path = Info.plist; sourceTree = "<group>"; };
		DCD8F9041ABFC53700E2E7E8 /* main.m */ = {isa = PBXFileReference; lastKnownFileType = sourcecode.c.objc; path = main.m; sourceTree = "<group>"; };
		DCD8F9061ABFC53700E2E7E8 /* HNKDAppDelegate.h */ = {isa = PBXFileReference; lastKnownFileType = sourcecode.c.h; path = HNKDAppDelegate.h; sourceTree = "<group>"; };
		DCD8F9071ABFC53700E2E7E8 /* HNKDAppDelegate.m */ = {isa = PBXFileReference; lastKnownFileType = sourcecode.c.objc; path = HNKDAppDelegate.m; sourceTree = "<group>"; };
		DCD8F90D1ABFC53700E2E7E8 /* Base */ = {isa = PBXFileReference; lastKnownFileType = file.storyboard; name = Base; path = Base.lproj/Main.storyboard; sourceTree = "<group>"; };
		DCD8F90F1ABFC53700E2E7E8 /* Images.xcassets */ = {isa = PBXFileReference; lastKnownFileType = folder.assetcatalog; path = Images.xcassets; sourceTree = "<group>"; };
		DCD8F9121ABFC53700E2E7E8 /* Base */ = {isa = PBXFileReference; lastKnownFileType = file.xib; name = Base; path = Base.lproj/LaunchScreen.xib; sourceTree = "<group>"; };
		DCD8F9181ABFC53700E2E7E8 /* HNKWordLookup-DemoTests.xctest */ = {isa = PBXFileReference; explicitFileType = wrapper.cfbundle; includeInIndex = 0; path = "HNKWordLookup-DemoTests.xctest"; sourceTree = BUILT_PRODUCTS_DIR; };
		DCD8F91D1ABFC53700E2E7E8 /* Info.plist */ = {isa = PBXFileReference; lastKnownFileType = text.plist.xml; path = Info.plist; sourceTree = "<group>"; };
		DCD8F91E1ABFC53700E2E7E8 /* HNKWordLookup_DemoTests.m */ = {isa = PBXFileReference; lastKnownFileType = sourcecode.c.objc; path = HNKWordLookup_DemoTests.m; sourceTree = "<group>"; };
		DCF3B4841AD2188600DF4A77 /* HNKDHomeViewController.h */ = {isa = PBXFileReference; fileEncoding = 4; lastKnownFileType = sourcecode.c.h; path = HNKDHomeViewController.h; sourceTree = "<group>"; };
		DCF3B4851AD2188600DF4A77 /* HNKDHomeViewController.m */ = {isa = PBXFileReference; fileEncoding = 4; lastKnownFileType = sourcecode.c.objc; path = HNKDHomeViewController.m; sourceTree = "<group>"; };
		FAECDC3BEAEFCAF6E48A61D2 /* Pods-HNKWordLookup-Demo.debug.xcconfig */ = {isa = PBXFileReference; includeInIndex = 1; lastKnownFileType = text.xcconfig; name = "Pods-HNKWordLookup-Demo.debug.xcconfig"; path = "Pods/Target Support Files/Pods-HNKWordLookup-Demo/Pods-HNKWordLookup-Demo.debug.xcconfig"; sourceTree = "<group>"; };
/* End PBXFileReference section */

/* Begin PBXFrameworksBuildPhase section */
		DCD8F8FC1ABFC53700E2E7E8 /* Frameworks */ = {
			isa = PBXFrameworksBuildPhase;
			buildActionMask = 2147483647;
			files = (
				39AE1AF0873E93FB95D552E4 /* libPods-HNKWordLookup-Demo.a in Frameworks */,
			);
			runOnlyForDeploymentPostprocessing = 0;
		};
		DCD8F9151ABFC53700E2E7E8 /* Frameworks */ = {
			isa = PBXFrameworksBuildPhase;
			buildActionMask = 2147483647;
			files = (
			);
			runOnlyForDeploymentPostprocessing = 0;
		};
/* End PBXFrameworksBuildPhase section */

/* Begin PBXGroup section */
		5CEF8231BE4C73D923A90FF8 /* Pods */ = {
			isa = PBXGroup;
			children = (
				FAECDC3BEAEFCAF6E48A61D2 /* Pods-HNKWordLookup-Demo.debug.xcconfig */,
				318085C02712CF30461441C3 /* Pods-HNKWordLookup-Demo.release.xcconfig */,
			);
			name = Pods;
			sourceTree = "<group>";
		};
		B6595988D98CAFCC21AD5FA4 /* Frameworks */ = {
			isa = PBXGroup;
			children = (
				1BF9B8792BA6D2432D09C87B /* libPods-HNKWordLookup-Demo.a */,
			);
			name = Frameworks;
			sourceTree = "<group>";
		};
		DCBB53111AD223F000C4592C /* Resources */ = {
			isa = PBXGroup;
			children = (
				DCBB53161AD22FFC00C4592C /* icon-arrow-right.png */,
				DCBB53121AD2240E00C4592C /* logo-wordnik.png */,
			);
			path = Resources;
			sourceTree = "<group>";
		};
		DCD8F8F61ABFC53700E2E7E8 = {
			isa = PBXGroup;
			children = (
				DCD8F9011ABFC53700E2E7E8 /* HNKWordLookup-Demo */,
				DCD8F91B1ABFC53700E2E7E8 /* HNKWordLookup-DemoTests */,
				DCD8F9001ABFC53700E2E7E8 /* Products */,
				5CEF8231BE4C73D923A90FF8 /* Pods */,
				B6595988D98CAFCC21AD5FA4 /* Frameworks */,
			);
			sourceTree = "<group>";
		};
		DCD8F9001ABFC53700E2E7E8 /* Products */ = {
			isa = PBXGroup;
			children = (
				DCD8F8FF1ABFC53700E2E7E8 /* HNKWordLookup-Demo.app */,
				DCD8F9181ABFC53700E2E7E8 /* HNKWordLookup-DemoTests.xctest */,
			);
			name = Products;
			sourceTree = "<group>";
		};
		DCD8F9011ABFC53700E2E7E8 /* HNKWordLookup-Demo */ = {
			isa = PBXGroup;
			children = (
				DCD8F9061ABFC53700E2E7E8 /* HNKDAppDelegate.h */,
				DCD8F9071ABFC53700E2E7E8 /* HNKDAppDelegate.m */,
				DCBB53181AD24AD900C4592C /* HNKDDefinitionsViewController.h */,
				DCBB53191AD24AD900C4592C /* HNKDDefinitionsViewController.m */,
				DCF3B4841AD2188600DF4A77 /* HNKDHomeViewController.h */,
				DCF3B4851AD2188600DF4A77 /* HNKDHomeViewController.m */,
				DCBB531B1AD4E19500C4592C /* NSDate+HNKDAdditions.h */,
				DCBB531C1AD4E19500C4592C /* NSDate+HNKDAdditions.m */,
				DCD8F90C1ABFC53700E2E7E8 /* Main.storyboard */,
				DCBB53111AD223F000C4592C /* Resources */,
				DCD8F90F1ABFC53700E2E7E8 /* Images.xcassets */,
				DCD8F9111ABFC53700E2E7E8 /* LaunchScreen.xib */,
				DCD8F9021ABFC53700E2E7E8 /* Supporting Files */,
			);
			path = "HNKWordLookup-Demo";
			sourceTree = "<group>";
		};
		DCD8F9021ABFC53700E2E7E8 /* Supporting Files */ = {
			isa = PBXGroup;
			children = (
				DCD8F9031ABFC53700E2E7E8 /* Info.plist */,
				DCD8F9041ABFC53700E2E7E8 /* main.m */,
			);
			name = "Supporting Files";
			sourceTree = "<group>";
		};
		DCD8F91B1ABFC53700E2E7E8 /* HNKWordLookup-DemoTests */ = {
			isa = PBXGroup;
			children = (
				DCD8F91E1ABFC53700E2E7E8 /* HNKWordLookup_DemoTests.m */,
				DCD8F91C1ABFC53700E2E7E8 /* Supporting Files */,
			);
			path = "HNKWordLookup-DemoTests";
			sourceTree = "<group>";
		};
		DCD8F91C1ABFC53700E2E7E8 /* Supporting Files */ = {
			isa = PBXGroup;
			children = (
				DCD8F91D1ABFC53700E2E7E8 /* Info.plist */,
			);
			name = "Supporting Files";
			sourceTree = "<group>";
		};
/* End PBXGroup section */

/* Begin PBXNativeTarget section */
		DCD8F8FE1ABFC53700E2E7E8 /* HNKWordLookup-Demo */ = {
			isa = PBXNativeTarget;
			buildConfigurationList = DCD8F9221ABFC53700E2E7E8 /* Build configuration list for PBXNativeTarget "HNKWordLookup-Demo" */;
			buildPhases = (
				3646566145AA6FBAF9A7A810 /* Check Pods Manifest.lock */,
				DCD8F8FB1ABFC53700E2E7E8 /* Sources */,
				DCD8F8FC1ABFC53700E2E7E8 /* Frameworks */,
				DCD8F8FD1ABFC53700E2E7E8 /* Resources */,
				D048E9BB2294C83854869800 /* Copy Pods Resources */,
			);
			buildRules = (
			);
			dependencies = (
			);
			name = "HNKWordLookup-Demo";
			productName = "HNKWordLookup-Demo";
			productReference = DCD8F8FF1ABFC53700E2E7E8 /* HNKWordLookup-Demo.app */;
			productType = "com.apple.product-type.application";
		};
		DCD8F9171ABFC53700E2E7E8 /* HNKWordLookup-DemoTests */ = {
			isa = PBXNativeTarget;
			buildConfigurationList = DCD8F9251ABFC53700E2E7E8 /* Build configuration list for PBXNativeTarget "HNKWordLookup-DemoTests" */;
			buildPhases = (
				DCD8F9141ABFC53700E2E7E8 /* Sources */,
				DCD8F9151ABFC53700E2E7E8 /* Frameworks */,
				DCD8F9161ABFC53700E2E7E8 /* Resources */,
			);
			buildRules = (
			);
			dependencies = (
				DCD8F91A1ABFC53700E2E7E8 /* PBXTargetDependency */,
			);
			name = "HNKWordLookup-DemoTests";
			productName = "HNKWordLookup-DemoTests";
			productReference = DCD8F9181ABFC53700E2E7E8 /* HNKWordLookup-DemoTests.xctest */;
			productType = "com.apple.product-type.bundle.unit-test";
		};
/* End PBXNativeTarget section */

/* Begin PBXProject section */
		DCD8F8F71ABFC53700E2E7E8 /* Project object */ = {
			isa = PBXProject;
			attributes = {
				CLASSPREFIX = HNKD;
				LastUpgradeCheck = 0610;
				ORGANIZATIONNAME = "Harlan Kellaway";
				TargetAttributes = {
					DCD8F8FE1ABFC53700E2E7E8 = {
						CreatedOnToolsVersion = 6.1.1;
					};
					DCD8F9171ABFC53700E2E7E8 = {
						CreatedOnToolsVersion = 6.1.1;
						TestTargetID = DCD8F8FE1ABFC53700E2E7E8;
					};
				};
			};
			buildConfigurationList = DCD8F8FA1ABFC53700E2E7E8 /* Build configuration list for PBXProject "HNKWordLookup-Demo" */;
			compatibilityVersion = "Xcode 3.2";
			developmentRegion = English;
			hasScannedForEncodings = 0;
			knownRegions = (
				en,
				Base,
			);
			mainGroup = DCD8F8F61ABFC53700E2E7E8;
			productRefGroup = DCD8F9001ABFC53700E2E7E8 /* Products */;
			projectDirPath = "";
			projectRoot = "";
			targets = (
				DCD8F8FE1ABFC53700E2E7E8 /* HNKWordLookup-Demo */,
				DCD8F9171ABFC53700E2E7E8 /* HNKWordLookup-DemoTests */,
			);
		};
/* End PBXProject section */

/* Begin PBXResourcesBuildPhase section */
		DCD8F8FD1ABFC53700E2E7E8 /* Resources */ = {
			isa = PBXResourcesBuildPhase;
			buildActionMask = 2147483647;
			files = (
				DCD8F90E1ABFC53700E2E7E8 /* Main.storyboard in Resources */,
				DCD8F9131ABFC53700E2E7E8 /* LaunchScreen.xib in Resources */,
				DCD8F9101ABFC53700E2E7E8 /* Images.xcassets in Resources */,
				DCBB53171AD22FFC00C4592C /* icon-arrow-right.png in Resources */,
				DCBB53131AD2240E00C4592C /* logo-wordnik.png in Resources */,
			);
			runOnlyForDeploymentPostprocessing = 0;
		};
		DCD8F9161ABFC53700E2E7E8 /* Resources */ = {
			isa = PBXResourcesBuildPhase;
			buildActionMask = 2147483647;
			files = (
			);
			runOnlyForDeploymentPostprocessing = 0;
		};
/* End PBXResourcesBuildPhase section */

/* Begin PBXShellScriptBuildPhase section */
		3646566145AA6FBAF9A7A810 /* Check Pods Manifest.lock */ = {
			isa = PBXShellScriptBuildPhase;
			buildActionMask = 2147483647;
			files = (
			);
			inputPaths = (
			);
			name = "Check Pods Manifest.lock";
			outputPaths = (
			);
			runOnlyForDeploymentPostprocessing = 0;
			shellPath = /bin/sh;
			shellScript = "diff \"${PODS_ROOT}/../Podfile.lock\" \"${PODS_ROOT}/Manifest.lock\" > /dev/null\nif [[ $? != 0 ]] ; then\n    cat << EOM\nerror: The sandbox is not in sync with the Podfile.lock. Run 'pod install' or update your CocoaPods installation.\nEOM\n    exit 1\nfi\n";
			showEnvVarsInLog = 0;
		};
		D048E9BB2294C83854869800 /* Copy Pods Resources */ = {
			isa = PBXShellScriptBuildPhase;
			buildActionMask = 2147483647;
			files = (
			);
			inputPaths = (
			);
			name = "Copy Pods Resources";
			outputPaths = (
			);
			runOnlyForDeploymentPostprocessing = 0;
			shellPath = /bin/sh;
			shellScript = "\"${SRCROOT}/Pods/Target Support Files/Pods-HNKWordLookup-Demo/Pods-HNKWordLookup-Demo-resources.sh\"\n";
			showEnvVarsInLog = 0;
		};
/* End PBXShellScriptBuildPhase section */

/* Begin PBXSourcesBuildPhase section */
		DCD8F8FB1ABFC53700E2E7E8 /* Sources */ = {
			isa = PBXSourcesBuildPhase;
			buildActionMask = 2147483647;
			files = (
				DCBB531D1AD4E19500C4592C /* NSDate+HNKDAdditions.m in Sources */,
				DCD8F9081ABFC53700E2E7E8 /* HNKDAppDelegate.m in Sources */,
				DCBB531A1AD24AD900C4592C /* HNKDDefinitionsViewController.m in Sources */,
				DCD8F9051ABFC53700E2E7E8 /* main.m in Sources */,
				DCF3B4861AD2188600DF4A77 /* HNKDHomeViewController.m in Sources */,
			);
			runOnlyForDeploymentPostprocessing = 0;
		};
		DCD8F9141ABFC53700E2E7E8 /* Sources */ = {
			isa = PBXSourcesBuildPhase;
			buildActionMask = 2147483647;
			files = (
				DCD8F91F1ABFC53700E2E7E8 /* HNKWordLookup_DemoTests.m in Sources */,
			);
			runOnlyForDeploymentPostprocessing = 0;
		};
/* End PBXSourcesBuildPhase section */

/* Begin PBXTargetDependency section */
		DCD8F91A1ABFC53700E2E7E8 /* PBXTargetDependency */ = {
			isa = PBXTargetDependency;
			target = DCD8F8FE1ABFC53700E2E7E8 /* HNKWordLookup-Demo */;
			targetProxy = DCD8F9191ABFC53700E2E7E8 /* PBXContainerItemProxy */;
		};
/* End PBXTargetDependency section */

/* Begin PBXVariantGroup section */
		DCD8F90C1ABFC53700E2E7E8 /* Main.storyboard */ = {
			isa = PBXVariantGroup;
			children = (
				DCD8F90D1ABFC53700E2E7E8 /* Base */,
			);
			name = Main.storyboard;
			sourceTree = "<group>";
		};
		DCD8F9111ABFC53700E2E7E8 /* LaunchScreen.xib */ = {
			isa = PBXVariantGroup;
			children = (
				DCD8F9121ABFC53700E2E7E8 /* Base */,
			);
			name = LaunchScreen.xib;
			sourceTree = "<group>";
		};
/* End PBXVariantGroup section */

/* Begin XCBuildConfiguration section */
		DCD8F9201ABFC53700E2E7E8 /* Debug */ = {
			isa = XCBuildConfiguration;
			buildSettings = {
				ALWAYS_SEARCH_USER_PATHS = NO;
				CLANG_CXX_LANGUAGE_STANDARD = "gnu++0x";
				CLANG_CXX_LIBRARY = "libc++";
				CLANG_ENABLE_MODULES = YES;
				CLANG_ENABLE_OBJC_ARC = YES;
				CLANG_WARN_BOOL_CONVERSION = YES;
				CLANG_WARN_CONSTANT_CONVERSION = YES;
				CLANG_WARN_DIRECT_OBJC_ISA_USAGE = YES_ERROR;
				CLANG_WARN_EMPTY_BODY = YES;
				CLANG_WARN_ENUM_CONVERSION = YES;
				CLANG_WARN_INT_CONVERSION = YES;
				CLANG_WARN_OBJC_ROOT_CLASS = YES_ERROR;
				CLANG_WARN_UNREACHABLE_CODE = YES;
				CLANG_WARN__DUPLICATE_METHOD_MATCH = YES;
				"CODE_SIGN_IDENTITY[sdk=iphoneos*]" = "iPhone Developer";
				COPY_PHASE_STRIP = NO;
				ENABLE_STRICT_OBJC_MSGSEND = YES;
				GCC_C_LANGUAGE_STANDARD = gnu99;
				GCC_DYNAMIC_NO_PIC = NO;
				GCC_OPTIMIZATION_LEVEL = 0;
				GCC_PREPROCESSOR_DEFINITIONS = (
					"DEBUG=1",
					"$(inherited)",
				);
				GCC_SYMBOLS_PRIVATE_EXTERN = NO;
				GCC_WARN_64_TO_32_BIT_CONVERSION = YES;
				GCC_WARN_ABOUT_RETURN_TYPE = YES_ERROR;
				GCC_WARN_UNDECLARED_SELECTOR = YES;
				GCC_WARN_UNINITIALIZED_AUTOS = YES_AGGRESSIVE;
				GCC_WARN_UNUSED_FUNCTION = YES;
				GCC_WARN_UNUSED_VARIABLE = YES;
				IPHONEOS_DEPLOYMENT_TARGET = 7.0;
				MTL_ENABLE_DEBUG_INFO = YES;
				ONLY_ACTIVE_ARCH = YES;
				SDKROOT = iphoneos;
				TARGETED_DEVICE_FAMILY = "1,2";
			};
			name = Debug;
		};
		DCD8F9211ABFC53700E2E7E8 /* Release */ = {
			isa = XCBuildConfiguration;
			buildSettings = {
				ALWAYS_SEARCH_USER_PATHS = NO;
				CLANG_CXX_LANGUAGE_STANDARD = "gnu++0x";
				CLANG_CXX_LIBRARY = "libc++";
				CLANG_ENABLE_MODULES = YES;
				CLANG_ENABLE_OBJC_ARC = YES;
				CLANG_WARN_BOOL_CONVERSION = YES;
				CLANG_WARN_CONSTANT_CONVERSION = YES;
				CLANG_WARN_DIRECT_OBJC_ISA_USAGE = YES_ERROR;
				CLANG_WARN_EMPTY_BODY = YES;
				CLANG_WARN_ENUM_CONVERSION = YES;
				CLANG_WARN_INT_CONVERSION = YES;
				CLANG_WARN_OBJC_ROOT_CLASS = YES_ERROR;
				CLANG_WARN_UNREACHABLE_CODE = YES;
				CLANG_WARN__DUPLICATE_METHOD_MATCH = YES;
				"CODE_SIGN_IDENTITY[sdk=iphoneos*]" = "iPhone Developer";
				COPY_PHASE_STRIP = YES;
				ENABLE_NS_ASSERTIONS = NO;
				ENABLE_STRICT_OBJC_MSGSEND = YES;
				GCC_C_LANGUAGE_STANDARD = gnu99;
				GCC_WARN_64_TO_32_BIT_CONVERSION = YES;
				GCC_WARN_ABOUT_RETURN_TYPE = YES_ERROR;
				GCC_WARN_UNDECLARED_SELECTOR = YES;
				GCC_WARN_UNINITIALIZED_AUTOS = YES_AGGRESSIVE;
				GCC_WARN_UNUSED_FUNCTION = YES;
				GCC_WARN_UNUSED_VARIABLE = YES;
				IPHONEOS_DEPLOYMENT_TARGET = 7.0;
				MTL_ENABLE_DEBUG_INFO = NO;
				SDKROOT = iphoneos;
				TARGETED_DEVICE_FAMILY = "1,2";
				VALIDATE_PRODUCT = YES;
			};
			name = Release;
		};
		DCD8F9231ABFC53700E2E7E8 /* Debug */ = {
			isa = XCBuildConfiguration;
			baseConfigurationReference = FAECDC3BEAEFCAF6E48A61D2 /* Pods-HNKWordLookup-Demo.debug.xcconfig */;
			buildSettings = {
				ASSETCATALOG_COMPILER_APPICON_NAME = AppIcon;
				ASSETCATALOG_COMPILER_LAUNCHIMAGE_NAME = LaunchImage;
				INFOPLIST_FILE = "HNKWordLookup-Demo/Info.plist";
				LD_RUNPATH_SEARCH_PATHS = "$(inherited) @executable_path/Frameworks";
				PRODUCT_NAME = "$(TARGET_NAME)";
			};
			name = Debug;
		};
		DCD8F9241ABFC53700E2E7E8 /* Release */ = {
			isa = XCBuildConfiguration;
			baseConfigurationReference = 318085C02712CF30461441C3 /* Pods-HNKWordLookup-Demo.release.xcconfig */;
			buildSettings = {
				ASSETCATALOG_COMPILER_APPICON_NAME = AppIcon;
				ASSETCATALOG_COMPILER_LAUNCHIMAGE_NAME = LaunchImage;
				INFOPLIST_FILE = "HNKWordLookup-Demo/Info.plist";
				LD_RUNPATH_SEARCH_PATHS = "$(inherited) @executable_path/Frameworks";
				PRODUCT_NAME = "$(TARGET_NAME)";
			};
			name = Release;
		};
		DCD8F9261ABFC53700E2E7E8 /* Debug */ = {
			isa = XCBuildConfiguration;
			buildSettings = {
				BUNDLE_LOADER = "$(TEST_HOST)";
				FRAMEWORK_SEARCH_PATHS = (
					"$(SDKROOT)/Developer/Library/Frameworks",
					"$(inherited)",
				);
				GCC_PREPROCESSOR_DEFINITIONS = (
					"DEBUG=1",
					"$(inherited)",
				);
				INFOPLIST_FILE = "HNKWordLookup-DemoTests/Info.plist";
				LD_RUNPATH_SEARCH_PATHS = "$(inherited) @executable_path/Frameworks @loader_path/Frameworks";
				PRODUCT_NAME = "$(TARGET_NAME)";
				TEST_HOST = "$(BUILT_PRODUCTS_DIR)/HNKWordLookup-Demo.app/HNKWordLookup-Demo";
			};
			name = Debug;
		};
		DCD8F9271ABFC53700E2E7E8 /* Release */ = {
			isa = XCBuildConfiguration;
			buildSettings = {
				BUNDLE_LOADER = "$(TEST_HOST)";
				FRAMEWORK_SEARCH_PATHS = (
					"$(SDKROOT)/Developer/Library/Frameworks",
					"$(inherited)",
				);
				INFOPLIST_FILE = "HNKWordLookup-DemoTests/Info.plist";
				LD_RUNPATH_SEARCH_PATHS = "$(inherited) @executable_path/Frameworks @loader_path/Frameworks";
				PRODUCT_NAME = "$(TARGET_NAME)";
				TEST_HOST = "$(BUILT_PRODUCTS_DIR)/HNKWordLookup-Demo.app/HNKWordLookup-Demo";
			};
			name = Release;
		};
/* End XCBuildConfiguration section */

/* Begin XCConfigurationList section */
		DCD8F8FA1ABFC53700E2E7E8 /* Build configuration list for PBXProject "HNKWordLookup-Demo" */ = {
			isa = XCConfigurationList;
			buildConfigurations = (
				DCD8F9201ABFC53700E2E7E8 /* Debug */,
				DCD8F9211ABFC53700E2E7E8 /* Release */,
			);
			defaultConfigurationIsVisible = 0;
			defaultConfigurationName = Release;
		};
		DCD8F9221ABFC53700E2E7E8 /* Build configuration list for PBXNativeTarget "HNKWordLookup-Demo" */ = {
			isa = XCConfigurationList;
			buildConfigurations = (
				DCD8F9231ABFC53700E2E7E8 /* Debug */,
				DCD8F9241ABFC53700E2E7E8 /* Release */,
			);
			defaultConfigurationIsVisible = 0;
			defaultConfigurationName = Release;
		};
		DCD8F9251ABFC53700E2E7E8 /* Build configuration list for PBXNativeTarget "HNKWordLookup-DemoTests" */ = {
			isa = XCConfigurationList;
			buildConfigurations = (
				DCD8F9261ABFC53700E2E7E8 /* Debug */,
				DCD8F9271ABFC53700E2E7E8 /* Release */,
			);
			defaultConfigurationIsVisible = 0;
			defaultConfigurationName = Release;
		};
/* End XCConfigurationList section */
	};
	rootObject = DCD8F8F71ABFC53700E2E7E8 /* Project object */;
}
